
Microsoft Visual Studio Solution File, Format Version 12.00
# Visual Studio Version 16
VisualStudioVersion = 16.0.30204.135
MinimumVisualStudioVersion = 10.0.40219.1
Project("{FAE04EC0-301F-11D3-BF4B-00C04F79EFBC}") = "Template", "Template.csproj", "{9E81CA2C-98F1-4D2B-B617-AB3D7B6199CE}"
EndProject
Global
	GlobalSection(SolutionConfigurationPlatforms) = preSolution
		Debug|Any CPU = Debug|Any CPU
		Release|Any CPU = Release|Any CPU
	EndGlobalSection
	GlobalSection(ProjectConfigurationPlatforms) = postSolution
		{9E81CA2C-98F1-4D2B-B617-AB3D7B6199CE}.Debug|Any CPU.ActiveCfg = Debug|Any CPU
		{9E81CA2C-98F1-4D2B-B617-AB3D7B6199CE}.Debug|Any CPU.Build.0 = Debug|Any CPU
		{9E81CA2C-98F1-4D2B-B617-AB3D7B6199CE}.Release|Any CPU.ActiveCfg = Release|Any CPU
		{9E81CA2C-98F1-4D2B-B617-AB3D7B6199CE}.Release|Any CPU.Build.0 = Release|Any CPU
	EndGlobalSection
	GlobalSection(SolutionProperties) = preSolution
		HideSolutionNode = FALSE
	EndGlobalSection
	GlobalSection(ExtensibilityGlobals) = postSolution
		SolutionGuid = {2734C0B2-4C75-4394-B4FA-06CC97B9C540}
	EndGlobalSection
EndGlobal
